
Microsoft Visual Studio Solution File, Format Version 12.00
Project("{FAE04EC0-301F-11D3-BF4B-00C04F79EFBC}") = "TangyWeb_Server", "TangyWeb_Server\TangyWeb_Server.csproj", "{4155FED9-970F-42EA-A557-4656539B73DD}"
EndProject
Global
	GlobalSection(SolutionConfigurationPlatforms) = preSolution
		Debug|Any CPU = Debug|Any CPU
		Release|Any CPU = Release|Any CPU
	EndGlobalSection
	GlobalSection(ProjectConfigurationPlatforms) = postSolution
		{4155FED9-970F-42EA-A557-4656539B73DD}.Debug|Any CPU.ActiveCfg = Debug|Any CPU
		{4155FED9-970F-42EA-A557-4656539B73DD}.Debug|Any CPU.Build.0 = Debug|Any CPU
		{4155FED9-970F-42EA-A557-4656539B73DD}.Release|Any CPU.ActiveCfg = Release|Any CPU
		{4155FED9-970F-42EA-A557-4656539B73DD}.Release|Any CPU.Build.0 = Release|Any CPU
	EndGlobalSection
EndGlobal
